{
    "_readme": [
        "This file locks the dependencies of your project to a known state",
        "Read more about it at https://getcomposer.org/doc/01-basic-usage.md#composer-lock-the-lock-file",
        "This file is @generated automatically"
    ],
    "hash": "5a19cf159af350fc2b282d2aff9e2738",
    "content-hash": "62cfeb25016e3e6cdfa11cf563d4accf",
    "packages": [
        {
            "name": "amphp/amp",
            "version": "v1.0.7",
            "source": {
                "type": "git",
                "url": "https://github.com/amphp/amp.git",
                "reference": "5341a4cb92ce9a8e1b44816a391f95dd5b5b2197"
            },
            "dist": {
                "type": "zip",
                "url": "https://api.github.com/repos/amphp/amp/zipball/5341a4cb92ce9a8e1b44816a391f95dd5b5b2197",
                "reference": "5341a4cb92ce9a8e1b44816a391f95dd5b5b2197",
                "shasum": ""
            },
            "require": {
                "php": ">=5.5"
            },
            "require-dev": {
                "fabpot/php-cs-fixer": "~1.9",
                "phpunit/phpunit": "~4.8"
            },
            "type": "library",
            "extra": {
                "branch-alias": {
                    "dev-master": "1.0.x-dev"
                }
            },
            "autoload": {
                "psr-4": {
                    "Amp\\": "lib/"
                },
                "files": [
                    "lib/functions.php"
                ]
            },
            "notification-url": "https://packagist.org/downloads/",
            "license": [
                "MIT"
            ],
            "authors": [
                {
                    "name": "Daniel Lowrey",
                    "email": "rdlowrey@php.net",
                    "role": "Creator / Lead Developer"
                }
            ],
            "description": "A non-blocking concurrency framework for PHP applications",
            "homepage": "https://github.com/amphp/amp",
            "keywords": [
                "async",
                "concurrency",
                "event",
                "non-blocking",
                "promise"
            ],
            "time": "2016-01-09 14:19:56"
        },
        {
            "name": "amphp/artax",
            "version": "2.x-dev",
            "source": {
                "type": "git",
                "url": "https://github.com/amphp/artax.git",
                "reference": "858802e9a2f0628e706be5f193df0a4970f0a116"
            },
            "dist": {
                "type": "zip",
                "url": "https://api.github.com/repos/amphp/artax/zipball/858802e9a2f0628e706be5f193df0a4970f0a116",
                "reference": "858802e9a2f0628e706be5f193df0a4970f0a116",
                "shasum": ""
            },
            "require": {
                "amphp/amp": "^1",
                "amphp/socket": "^0.9",
                "php": ">=5.5.0"
            },
            "require-dev": {
                "fabpot/php-cs-fixer": "~1.9",
                "phpunit/phpunit": "~4.8"
            },
            "type": "library",
            "extra": {
                "branch-alias": {
                    "dev-master": "1.0.x-dev",
                    "dev-v2": "2.0.0-dev"
                }
            },
            "autoload": {
                "psr-4": {
                    "Amp\\Artax\\": "lib/"
                }
            },
            "notification-url": "https://packagist.org/downloads/",
            "license": [
                "MIT"
            ],
            "authors": [
                {
                    "name": "Daniel Lowrey",
                    "email": "rdlowrey@gmail.com",
                    "role": "Creator / Lead Developer"
                }
            ],
            "description": "Asynchronous parallel HTTP/1.1 client built on the Amp concurrency framework",
            "homepage": "https://github.com/amphp/artax",
            "keywords": [
                "async",
                "client",
                "http",
                "non-blocking",
                "parallel",
                "rest"
            ],
            "time": "2016-01-09 19:46:13"
        },
        {
            "name": "amphp/cache",
            "version": "v0.1.0",
            "source": {
                "type": "git",
                "url": "https://github.com/amphp/cache.git",
                "reference": "26709c198dcee686557801eda6d9345f3cfa8874"
            },
            "dist": {
                "type": "zip",
                "url": "https://api.github.com/repos/amphp/cache/zipball/26709c198dcee686557801eda6d9345f3cfa8874",
                "reference": "26709c198dcee686557801eda6d9345f3cfa8874",
                "shasum": ""
            },
            "require": {
                "amphp/amp": "^1"
            },
            "require-dev": {
                "fabpot/php-cs-fixer": "~1.9",
                "phpunit/phpunit": "~4.8"
            },
            "suggest": {
                "amphp/redis": "For redis cache driver support"
            },
            "type": "library",
            "autoload": {
                "psr-4": {
                    "Amp\\Cache\\": "lib/"
                }
            },
            "notification-url": "https://packagist.org/downloads/",
            "license": [
                "MIT"
            ],
            "authors": [
                {
                    "name": "Niklas Keller",
                    "email": "me@kelunik.com"
                },
                {
                    "name": "Daniel Lowrey",
                    "email": "rdlowrey@php.net"
                }
            ],
            "description": "A promise-aware caching API built on the amp concurrency framework",
            "homepage": "https://github.com/amphp/cache",
            "time": "2015-09-08 22:26:20"
        },
        {
            "name": "amphp/dns",
            "version": "v0.8.5",
            "source": {
                "type": "git",
                "url": "https://github.com/amphp/dns.git",
                "reference": "2f8103f1738fe48553b80733076c987234d8f49e"
            },
            "dist": {
                "type": "zip",
                "url": "https://api.github.com/repos/amphp/dns/zipball/2f8103f1738fe48553b80733076c987234d8f49e",
                "reference": "2f8103f1738fe48553b80733076c987234d8f49e",
                "shasum": ""
            },
            "require": {
                "amphp/amp": "^1",
                "amphp/cache": "^0.1",
                "amphp/file": "^0.1",
                "daverandom/libdns": "^1",
                "php": ">=5.5"
            },
            "require-dev": {
                "fabpot/php-cs-fixer": "^1.9",
                "phpunit/phpunit": "^4.8"
            },
            "type": "library",
            "autoload": {
                "psr-4": {
                    "Amp\\Dns\\": "lib"
                },
                "files": [
                    "lib/constants.php",
                    "lib/functions.php"
                ]
            },
            "notification-url": "https://packagist.org/downloads/",
            "license": [
                "MIT"
            ],
            "authors": [
                {
                    "name": "Bob Weinand",
                    "email": "bobwei9@hotmail.com"
                },
                {
                    "name": "Niklas Keller",
                    "email": "me@kelunik.com"
                },
                {
                    "name": "Daniel Lowrey",
                    "email": "rdlowrey@php.net"
                },
                {
                    "name": "Chris Wright",
                    "email": "addr@daverandom.com"
                }
            ],
            "description": "Async DNS resolution built on the amp concurrency framework",
            "homepage": "https://github.com/amphp/dns",
            "keywords": [
                "amp",
                "async",
                "client",
                "dns",
                "resolve"
            ],
            "time": "2015-12-23 13:56:14"
        },
        {
            "name": "amphp/file",
            "version": "v0.1.0",
            "source": {
                "type": "git",
                "url": "https://github.com/amphp/file.git",
                "reference": "ef27c46ac8c6d06df371efc64bcf271189c048a6"
            },
            "dist": {
                "type": "zip",
                "url": "https://api.github.com/repos/amphp/file/zipball/ef27c46ac8c6d06df371efc64bcf271189c048a6",
                "reference": "ef27c46ac8c6d06df371efc64bcf271189c048a6",
                "shasum": ""
            },
            "require": {
                "amphp/amp": "^1",
                "php": ">=5.5"
            },
            "require-dev": {
                "fabpot/php-cs-fixer": "~1.9",
                "phpunit/phpunit": "~4.8"
            },
            "type": "library",
            "extra": {
                "branch-alias": {
                    "dev-master": "0.1.0-dev"
                }
            },
            "autoload": {
                "psr-4": {
                    "Amp\\File\\": "lib"
                },
                "files": [
                    "lib/functions.php"
                ]
            },
            "notification-url": "https://packagist.org/downloads/",
            "license": [
                "MIT"
            ],
            "authors": [
                {
                    "name": "Daniel Lowrey",
                    "email": "rdlowrey@php.net"
                }
            ],
            "description": "An async filesystem library built on the amp concurrency framework",
            "homepage": "https://github.com/amphp/file",
            "keywords": [
                "amp",
                "amphp",
                "async",
                "disk",
                "file",
                "non-blocking",
                "static"
            ],
            "time": "2015-09-10 22:40:33"
        },
        {
            "name": "amphp/socket",
            "version": "v0.9.3",
            "source": {
                "type": "git",
                "url": "https://github.com/amphp/socket.git",
                "reference": "5d67dbffbf940f6c5feb4b30c69951037ec2a49e"
            },
            "dist": {
                "type": "zip",
                "url": "https://api.github.com/repos/amphp/socket/zipball/5d67dbffbf940f6c5feb4b30c69951037ec2a49e",
                "reference": "5d67dbffbf940f6c5feb4b30c69951037ec2a49e",
                "shasum": ""
            },
            "require": {
                "amphp/amp": "^1",
                "amphp/dns": "~0.8.0",
                "php": ">=5.5"
            },
            "require-dev": {
                "fabpot/php-cs-fixer": "~1.9",
                "phpunit/phpunit": "~4.8"
            },
            "type": "library",
            "autoload": {
                "psr-4": {
                    "Amp\\Socket\\": "lib/"
                },
                "files": [
                    "lib/functions.php"
                ]
            },
            "notification-url": "https://packagist.org/downloads/",
            "license": [
                "MIT"
            ],
            "authors": [
                {
                    "name": "Daniel Lowrey",
                    "email": "rdlowrey@gmail.com"
                }
            ],
            "description": "Async socket connection tools for the amp concurrency framework",
            "homepage": "https://github.com/amphp/socket",
            "keywords": [
                "amp",
                "async",
                "encryption",
                "non-blocking",
                "sockets",
                "tcp",
                "tls"
            ],
            "time": "2015-10-18 20:49:56"
        },
        {
            "name": "amphp/websocket",
            "version": "dev-master",
            "source": {
                "type": "git",
                "url": "https://github.com/amphp/websocket.git",
                "reference": "f88aebfd7c12cf1c568f142d49309ed188921eaf"
            },
            "dist": {
                "type": "zip",
                "url": "https://api.github.com/repos/amphp/websocket/zipball/f88aebfd7c12cf1c568f142d49309ed188921eaf",
                "reference": "f88aebfd7c12cf1c568f142d49309ed188921eaf",
                "shasum": ""
            },
            "require": {
                "amphp/amp": "^1",
                "amphp/socket": "^0.9",
                "php": ">=5.5"
            },
            "require-dev": {
                "fabpot/php-cs-fixer": "~1.9",
                "phpunit/phpunit": "~4.4.0"
            },
            "type": "library",
            "autoload": {
                "psr-4": {
                    "Amp\\Websocket\\": "lib/"
                },
                "classmap": [
                    {
                        "Amp\\Websocket": "Websocket.php"
                    }
                ],
                "files": [
                    "lib/functions.php"
                ]
            },
            "notification-url": "https://packagist.org/downloads/",
            "license": [
                "MIT"
            ],
            "authors": [
                {
                    "name": "Bob Weinand",
                    "email": "bobwei9@hotmail.com"
                }
            ],
            "description": "An async websocket client built on the amp concurrency framework",
            "keywords": [
                "amp",
                "amphp",
                "async",
                "client",
                "http",
                "non-blocking",
                "websocket"
            ],
            "time": "2016-01-08 22:51:27"
        },
        {
            "name": "daverandom/libdns",
            "version": "v1.0.1",
            "source": {
                "type": "git",
                "url": "https://github.com/DaveRandom/LibDNS.git",
                "reference": "e935e8caa5ff30122bcbeb8b4ce567fa14cdf063"
            },
            "dist": {
                "type": "zip",
                "url": "https://api.github.com/repos/DaveRandom/LibDNS/zipball/e935e8caa5ff30122bcbeb8b4ce567fa14cdf063",
                "reference": "e935e8caa5ff30122bcbeb8b4ce567fa14cdf063",
                "shasum": ""
            },
            "require": {
                "php": ">=5.4.0"
            },
            "type": "library",
            "autoload": {
                "psr-4": {
                    "LibDNS\\": "src/"
                }
            },
            "notification-url": "https://packagist.org/downloads/",
            "license": [
                "MIT"
            ],
            "description": "DNS protocol implementation written in pure PHP",
            "keywords": [
                "dns"
            ],
            "time": "2015-04-02 15:42:15"
        }
    ],
    "packages-dev": [],
    "aliases": [],
    "minimum-stability": "stable",
    "stability-flags": {
        "amphp/artax": 20,
        "amphp/websocket": 20
    },
    "prefer-stable": false,
    "prefer-lowest": false,
    "platform": {
        "php": ">=7"
    },
    "platform-dev": []
}
